
Microsoft Visual Studio Solution File, Format Version 12.00
# Visual Studio Version 16
VisualStudioVersion = 16.0.31729.503
MinimumVisualStudioVersion = 10.0.40219.1
Project("{2150E333-8FDC-42A3-9474-1A3956D46DE8}") = "Solution Items", "Solution Items", "{E6293061-5FB1-4D74-B282-50F09ABF6D9D}"
	ProjectSection(SolutionItems) = preProject
		.gitignore = .gitignore
		quiz.js = quiz.js
	EndProjectSection
EndProject
Global
	GlobalSection(SolutionProperties) = preSolution
		HideSolutionNode = FALSE
	EndGlobalSection
	GlobalSection(ExtensibilityGlobals) = postSolution
		SolutionGuid = {2619F50A-7B6C-40A3-85CA-3B240E74D96B}
	EndGlobalSection
EndGlobal
